
Microsoft Visual Studio Solution File, Format Version 12.00
# Visual Studio Version 17
VisualStudioVersion = 17.2.32526.322
MinimumVisualStudioVersion = 10.0.40219.1
Project("{FAE04EC0-301F-11D3-BF4B-00C04F79EFBC}") = "OperationSystemApp", "OperationSystemApp\OperationSystemApp.csproj", "{20AC8E4C-80EE-4840-875A-A2295F313DE2}"
EndProject
Global
	GlobalSection(SolutionConfigurationPlatforms) = preSolution
		Debug|Any CPU = Debug|Any CPU
		Release|Any CPU = Release|Any CPU
	EndGlobalSection
	GlobalSection(ProjectConfigurationPlatforms) = postSolution
		{20AC8E4C-80EE-4840-875A-A2295F313DE2}.Debug|Any CPU.ActiveCfg = Debug|Any CPU
		{20AC8E4C-80EE-4840-875A-A2295F313DE2}.Debug|Any CPU.Build.0 = Debug|Any CPU
		{20AC8E4C-80EE-4840-875A-A2295F313DE2}.Release|Any CPU.ActiveCfg = Release|Any CPU
		{20AC8E4C-80EE-4840-875A-A2295F313DE2}.Release|Any CPU.Build.0 = Release|Any CPU
	EndGlobalSection
	GlobalSection(SolutionProperties) = preSolution
		HideSolutionNode = FALSE
	EndGlobalSection
	GlobalSection(ExtensibilityGlobals) = postSolution
		SolutionGuid = {F75C7F93-3CF2-4460-B4B2-D7C3D670BCCD}
	EndGlobalSection
EndGlobal
